
Microsoft Visual Studio Solution File, Format Version 12.00
# Visual Studio Version 17
VisualStudioVersion = 17.11.35431.28
MinimumVisualStudioVersion = 10.0.40219.1
Project("{FAE04EC0-301F-11D3-BF4B-00C04F79EFBC}") = "BlogDemo", "BlogDemo\BlogDemo.csproj", "{F4582256-8E07-401E-917B-821C85A4DCAC}"
EndProject
Project("{FAE04EC0-301F-11D3-BF4B-00C04F79EFBC}") = "EntityLayer", "EntityLayer\EntityLayer.csproj", "{1A8FFDA7-F69B-4B99-B748-3D764CE1FFB8}"
EndProject
Project("{FAE04EC0-301F-11D3-BF4B-00C04F79EFBC}") = "BusinessLayer", "BusinessLayer\BusinessLayer.csproj", "{AB2D3823-0D4F-4C52-A30B-BAEEF3A5BB75}"
EndProject
Project("{FAE04EC0-301F-11D3-BF4B-00C04F79EFBC}") = "CoreLayer", "CoreLayer\CoreLayer.csproj", "{2EFFA683-F444-42EF-B721-9177C3479718}"
EndProject
Project("{FAE04EC0-301F-11D3-BF4B-00C04F79EFBC}") = "DataAccessLayer", "DataAccessLayer\DataAccessLayer.csproj", "{A096396B-B64C-4BB7-AF5E-BAA632C8C0B7}"
EndProject
Project("{FAE04EC0-301F-11D3-BF4B-00C04F79EFBC}") = "BlogApiDemo", "BlogApiDemo\BlogApiDemo.csproj", "{19B7D2DA-97AB-440D-A42B-2168264A80C6}"
EndProject
Global
	GlobalSection(SolutionConfigurationPlatforms) = preSolution
		Debug|Any CPU = Debug|Any CPU
		Release|Any CPU = Release|Any CPU
	EndGlobalSection
	GlobalSection(ProjectConfigurationPlatforms) = postSolution
		{F4582256-8E07-401E-917B-821C85A4DCAC}.Debug|Any CPU.ActiveCfg = Debug|Any CPU
		{F4582256-8E07-401E-917B-821C85A4DCAC}.Debug|Any CPU.Build.0 = Debug|Any CPU
		{F4582256-8E07-401E-917B-821C85A4DCAC}.Release|Any CPU.ActiveCfg = Release|Any CPU
		{F4582256-8E07-401E-917B-821C85A4DCAC}.Release|Any CPU.Build.0 = Release|Any CPU
		{1A8FFDA7-F69B-4B99-B748-3D764CE1FFB8}.Debug|Any CPU.ActiveCfg = Debug|Any CPU
		{1A8FFDA7-F69B-4B99-B748-3D764CE1FFB8}.Debug|Any CPU.Build.0 = Debug|Any CPU
		{1A8FFDA7-F69B-4B99-B748-3D764CE1FFB8}.Release|Any CPU.ActiveCfg = Release|Any CPU
		{1A8FFDA7-F69B-4B99-B748-3D764CE1FFB8}.Release|Any CPU.Build.0 = Release|Any CPU
		{AB2D3823-0D4F-4C52-A30B-BAEEF3A5BB75}.Debug|Any CPU.ActiveCfg = Debug|Any CPU
		{AB2D3823-0D4F-4C52-A30B-BAEEF3A5BB75}.Debug|Any CPU.Build.0 = Debug|Any CPU
		{AB2D3823-0D4F-4C52-A30B-BAEEF3A5BB75}.Release|Any CPU.ActiveCfg = Release|Any CPU
		{AB2D3823-0D4F-4C52-A30B-BAEEF3A5BB75}.Release|Any CPU.Build.0 = Release|Any CPU
		{2EFFA683-F444-42EF-B721-9177C3479718}.Debug|Any CPU.ActiveCfg = Debug|Any CPU
		{2EFFA683-F444-42EF-B721-9177C3479718}.Debug|Any CPU.Build.0 = Debug|Any CPU
		{2EFFA683-F444-42EF-B721-9177C3479718}.Release|Any CPU.ActiveCfg = Release|Any CPU
		{2EFFA683-F444-42EF-B721-9177C3479718}.Release|Any CPU.Build.0 = Release|Any CPU
		{A096396B-B64C-4BB7-AF5E-BAA632C8C0B7}.Debug|Any CPU.ActiveCfg = Debug|Any CPU
		{A096396B-B64C-4BB7-AF5E-BAA632C8C0B7}.Debug|Any CPU.Build.0 = Debug|Any CPU
		{A096396B-B64C-4BB7-AF5E-BAA632C8C0B7}.Release|Any CPU.ActiveCfg = Release|Any CPU
		{A096396B-B64C-4BB7-AF5E-BAA632C8C0B7}.Release|Any CPU.Build.0 = Release|Any CPU
		{19B7D2DA-97AB-440D-A42B-2168264A80C6}.Debug|Any CPU.ActiveCfg = Debug|Any CPU
		{19B7D2DA-97AB-440D-A42B-2168264A80C6}.Debug|Any CPU.Build.0 = Debug|Any CPU
		{19B7D2DA-97AB-440D-A42B-2168264A80C6}.Release|Any CPU.ActiveCfg = Release|Any CPU
		{19B7D2DA-97AB-440D-A42B-2168264A80C6}.Release|Any CPU.Build.0 = Release|Any CPU
	EndGlobalSection
	GlobalSection(SolutionProperties) = preSolution
		HideSolutionNode = FALSE
	EndGlobalSection
	GlobalSection(ExtensibilityGlobals) = postSolution
		SolutionGuid = {D6B76988-C7E4-409F-A6B5-96CAF3DB799B}
	EndGlobalSection
EndGlobal
